{
  "lockfileVersion": 1,
  "configVersion": 1,
  "workspaces": {
    "": {
      "name": "lazyflow-frontend",
      "dependencies": {
        "@telegram-apps/sdk-react": "^2.0.0",
        "react": "^18.2.0",
        "react-dom": "^18.2.0",
      },
      "devDependencies": {
        "@types/react": "^18.2.0",
        "@types/react-dom": "^18.2.0",
      },
    },
  },
  "packages": {
    "@telegram-apps/bridge": ["@telegram-apps/bridge@1.9.2", "", { "dependencies": { "@telegram-apps/signals": "^1.1.1", "@telegram-apps/toolkit": "^1.1.1", "@telegram-apps/transformers": "^1.2.2", "@telegram-apps/types": "^1.2.1" } }, "sha512-SJLcNWLXhbbZr9MiqFH/g2ceuitSJKMxUIZysK4zUNyTUNuonrQG80Q/yrO+XiNbKUj8WdDNM86NBARhuyyinQ=="],

    "@telegram-apps/navigation": ["@telegram-apps/navigation@1.0.14", "", {}, "sha512-bqNgF/J8Po7ZtsELm3E1a6aPr7awwxO3sIqD8J6u12urOlGoW5+1KxKKbkPa58mgXuQdsltd8apI+OVy0IYiUA=="],

    "@telegram-apps/sdk": ["@telegram-apps/sdk@2.11.3", "", { "dependencies": { "@telegram-apps/bridge": "^1.9.2", "@telegram-apps/navigation": "^1.0.13", "@telegram-apps/signals": "^1.1.1", "@telegram-apps/toolkit": "^1.1.1", "@telegram-apps/transformers": "^1.2.2" } }, "sha512-KdULzgRe1gcR8B3Z/t3hQrEaDmLGrfsL2IePtPP6ehtMn5tT0uPfnjtDLjDNQMyI7D4Tv2ZOzvDx45wOhhreXg=="],

    "@telegram-apps/sdk-react": ["@telegram-apps/sdk-react@2.0.25", "", { "dependencies": { "@telegram-apps/sdk": "^2.11.3" }, "peerDependencies": { "@types/react": "^17.0.0 || ^18.0.0 || ^19.0.0", "react": "^17.0.0 || ^18.0.0 || ^19.0.0" }, "optionalPeers": ["@types/react"] }, "sha512-WbgND2EvjYaLljZQP62sfTMb/JoDLMyVYa3+s3tnKuVsS5iD09kFjyynKYK6cRPRmam3UlezXSjS6sYrEkBihA=="],

    "@telegram-apps/signals": ["@telegram-apps/signals@1.1.2", "", {}, "sha512-1P1kdCLX7MfETGPxH7f3UZKIsdE7Tz5S7QmN4Km1sbYQMakD5Bi1NecSMR7/wnHp50gWMI1JzENcMtCEmouhSg=="],

    "@telegram-apps/toolkit": ["@telegram-apps/toolkit@1.1.1", "", {}, "sha512-+vhKx6ngfvjyTE6Xagl3z1TPVbfx5s7xAkcYzCdHYUo6T60jLIqLgyZMcI1UPoIAMuMu1pHoO+p8QNCj/+tFmw=="],

    "@telegram-apps/transformers": ["@telegram-apps/transformers@1.2.2", "", { "dependencies": { "@telegram-apps/toolkit": "^1.1.1", "@telegram-apps/types": "^1.2.1" } }, "sha512-vvMwXckd1D7Ozc0h66PSUwF5QLrRV9HlGJFFeBuUex8QEk5mSPtsJkLiqB8aBbwuFDa91+TUSM/CxqPZO/e9YQ=="],

    "@telegram-apps/types": ["@telegram-apps/types@1.2.1", "", {}, "sha512-so4HLh7clur0YyMthi9KVIgWoGpZdXlFOuQjk3+Q5NAvJZ11nAheBSwPlGw/Ko92+zwvrSBE/lQyN2+p17RP+w=="],

    "@types/prop-types": ["@types/prop-types@15.7.15", "", {}, "sha512-F6bEyamV9jKGAFBEmlQnesRPGOQqS2+Uwi0Em15xenOxHaf2hv6L8YCVn3rPdPJOiJfPiCnLIRyvwVaqMY3MIw=="],

    "@types/react": ["@types/react@18.3.28", "", { "dependencies": { "@types/prop-types": "*", "csstype": "^3.2.2" } }, "sha512-z9VXpC7MWrhfWipitjNdgCauoMLRdIILQsAEV+ZesIzBq/oUlxk0m3ApZuMFCXdnS4U7KrI+l3WRUEGQ8K1QKw=="],

    "@types/react-dom": ["@types/react-dom@18.3.7", "", { "peerDependencies": { "@types/react": "^18.0.0" } }, "sha512-MEe3UeoENYVFXzoXEWsvcpg6ZvlrFNlOQ7EOsvhI3CfAXwzPfO8Qwuxd40nepsYKqyyVQnTdEfv68q91yLcKrQ=="],

    "csstype": ["csstype@3.2.3", "", {}, "sha512-z1HGKcYy2xA8AGQfwrn0PAy+PB7X/GSj3UVJW9qKyn43xWa+gl5nXmU4qqLMRzWVLFC8KusUX8T/0kCiOYpAIQ=="],

    "js-tokens": ["js-tokens@4.0.0", "", {}, "sha512-RdJUflcE3cUzKiMqQgsCu06FPu9UdIJO0beYbPhHN4k6apgJtifcoCtT9bcxOpYBtpD2kCM6Sbzg4CausW/PKQ=="],

    "loose-envify": ["loose-envify@1.4.0", "", { "dependencies": { "js-tokens": "^3.0.0 || ^4.0.0" }, "bin": { "loose-envify": "cli.js" } }, "sha512-lyuxPGr/Wfhrlem2CL/UcnUc1zcqKAImBDzukY7Y5F/yQiNdko6+fRLevlw1HgMySw7f611UIY408EtxRSoK3Q=="],

    "react": ["react@18.3.1", "", { "dependencies": { "loose-envify": "^1.1.0" } }, "sha512-wS+hAgJShR0KhEvPJArfuPVN1+Hz1t0Y6n5jLrGQbkb4urgPE/0Rve+1kMB1v/oWgHgm4WIcV+i7F2pTVj+2iQ=="],

    "react-dom": ["react-dom@18.3.1", "", { "dependencies": { "loose-envify": "^1.1.0", "scheduler": "^0.23.2" }, "peerDependencies": { "react": "^18.3.1" } }, "sha512-5m4nQKp+rZRb09LNH59GM4BxTh9251/ylbKIbpe7TpGxfJ+9kv6BLkLBXIjjspbgbnIBNqlI23tRnTWT0snUIw=="],

    "scheduler": ["scheduler@0.23.2", "", { "dependencies": { "loose-envify": "^1.1.0" } }, "sha512-UOShsPwz7NrMUqhR6t0hWjFduvOzbtv7toDH1/hIrfRNIDBnnBWd0CwJTGvTpngVlmwGCdP9/Zl/tVrDqcuYzQ=="],
  }
}
